
Microsoft Visual Studio Solution File, Format Version 12.00
# Visual Studio 15
VisualStudioVersion = 15.0.28307.329
MinimumVisualStudioVersion = 10.0.40219.1
Project("{FAE04EC0-301F-11D3-BF4B-00C04F79EFBC}") = "xPlatAuction.Android", "xPlatAuction\xPlatAuction.Android\xPlatAuction.Android.csproj", "{76322A47-24A9-4887-B2FD-08F2356B22DB}"
EndProject
Project("{FAE04EC0-301F-11D3-BF4B-00C04F79EFBC}") = "xPlatAuction.iOS", "xPlatAuction\xPlatAuction.iOS\xPlatAuction.iOS.csproj", "{CAFDC7C1-95AB-4D45-A3CF-F96A9FD99879}"
EndProject
Project("{FAE04EC0-301F-11D3-BF4B-00C04F79EFBC}") = "xPlatAuction", "xPlatAuction\xPlatAuction\xPlatAuction.csproj", "{D6FFBD42-4F2A-4CCC-8284-96888A3231A4}"
EndProject
Global
	GlobalSection(SolutionConfigurationPlatforms) = preSolution
		Ad-Hoc|Any CPU = Ad-Hoc|Any CPU
		Ad-Hoc|iPhone = Ad-Hoc|iPhone
		Ad-Hoc|iPhoneSimulator = Ad-Hoc|iPhoneSimulator
		AppStore|Any CPU = AppStore|Any CPU
		AppStore|iPhone = AppStore|iPhone
		AppStore|iPhoneSimulator = AppStore|iPhoneSimulator
		Debug|Any CPU = Debug|Any CPU
		Debug|iPhone = Debug|iPhone
		Debug|iPhoneSimulator = Debug|iPhoneSimulator
		Release|Any CPU = Release|Any CPU
		Release|iPhone = Release|iPhone
		Release|iPhoneSimulator = Release|iPhoneSimulator
	EndGlobalSection
	GlobalSection(ProjectConfigurationPlatforms) = postSolution
		{76322A47-24A9-4887-B2FD-08F2356B22DB}.Ad-Hoc|Any CPU.ActiveCfg = Release|Any CPU
		{76322A47-24A9-4887-B2FD-08F2356B22DB}.Ad-Hoc|Any CPU.Build.0 = Release|Any CPU
		{76322A47-24A9-4887-B2FD-08F2356B22DB}.Ad-Hoc|Any CPU.Deploy.0 = Release|Any CPU
		{76322A47-24A9-4887-B2FD-08F2356B22DB}.Ad-Hoc|iPhone.ActiveCfg = Release|Any CPU
		{76322A47-24A9-4887-B2FD-08F2356B22DB}.Ad-Hoc|iPhone.Build.0 = Release|Any CPU
		{76322A47-24A9-4887-B2FD-08F2356B22DB}.Ad-Hoc|iPhone.Deploy.0 = Release|Any CPU
		{76322A47-24A9-4887-B2FD-08F2356B22DB}.Ad-Hoc|iPhoneSimulator.ActiveCfg = Release|Any CPU
		{76322A47-24A9-4887-B2FD-08F2356B22DB}.Ad-Hoc|iPhoneSimulator.Build.0 = Release|Any CPU
		{76322A47-24A9-4887-B2FD-08F2356B22DB}.Ad-Hoc|iPhoneSimulator.Deploy.0 = Release|Any CPU
		{76322A47-24A9-4887-B2FD-08F2356B22DB}.AppStore|Any CPU.ActiveCfg = Release|Any CPU
		{76322A47-24A9-4887-B2FD-08F2356B22DB}.AppStore|Any CPU.Build.0 = Release|Any CPU
		{76322A47-24A9-4887-B2FD-08F2356B22DB}.AppStore|Any CPU.Deploy.0 = Release|Any CPU
		{76322A47-24A9-4887-B2FD-08F2356B22DB}.AppStore|iPhone.ActiveCfg = Release|Any CPU
		{76322A47-24A9-4887-B2FD-08F2356B22DB}.AppStore|iPhone.Build.0 = Release|Any CPU
		{76322A47-24A9-4887-B2FD-08F2356B22DB}.AppStore|iPhone.Deploy.0 = Release|Any CPU
		{76322A47-24A9-4887-B2FD-08F2356B22DB}.AppStore|iPhoneSimulator.ActiveCfg = Release|Any CPU
		{76322A47-24A9-4887-B2FD-08F2356B22DB}.AppStore|iPhoneSimulator.Build.0 = Release|Any CPU
		{76322A47-24A9-4887-B2FD-08F2356B22DB}.AppStore|iPhoneSimulator.Deploy.0 = Release|Any CPU
		{76322A47-24A9-4887-B2FD-08F2356B22DB}.Debug|Any CPU.ActiveCfg = Debug|Any CPU
		{76322A47-24A9-4887-B2FD-08F2356B22DB}.Debug|Any CPU.Build.0 = Debug|Any CPU
		{76322A47-24A9-4887-B2FD-08F2356B22DB}.Debug|Any CPU.Deploy.0 = Debug|Any CPU
		{76322A47-24A9-4887-B2FD-08F2356B22DB}.Debug|iPhone.ActiveCfg = Debug|Any CPU
		{76322A47-24A9-4887-B2FD-08F2356B22DB}.Debug|iPhone.Build.0 = Debug|Any CPU
		{76322A47-24A9-4887-B2FD-08F2356B22DB}.Debug|iPhone.Deploy.0 = Debug|Any CPU
		{76322A47-24A9-4887-B2FD-08F2356B22DB}.Debug|iPhoneSimulator.ActiveCfg = Debug|Any CPU
		{76322A47-24A9-4887-B2FD-08F2356B22DB}.Debug|iPhoneSimulator.Build.0 = Debug|Any CPU
		{76322A47-24A9-4887-B2FD-08F2356B22DB}.Debug|iPhoneSimulator.Deploy.0 = Debug|Any CPU
		{76322A47-24A9-4887-B2FD-08F2356B22DB}.Release|Any CPU.ActiveCfg = Release|Any CPU
		{76322A47-24A9-4887-B2FD-08F2356B22DB}.Release|Any CPU.Build.0 = Release|Any CPU
		{76322A47-24A9-4887-B2FD-08F2356B22DB}.Release|Any CPU.Deploy.0 = Release|Any CPU
		{76322A47-24A9-4887-B2FD-08F2356B22DB}.Release|iPhone.ActiveCfg = Release|Any CPU
		{76322A47-24A9-4887-B2FD-08F2356B22DB}.Release|iPhone.Build.0 = Release|Any CPU
		{76322A47-24A9-4887-B2FD-08F2356B22DB}.Release|iPhone.Deploy.0 = Release|Any CPU
		{76322A47-24A9-4887-B2FD-08F2356B22DB}.Release|iPhoneSimulator.ActiveCfg = Release|Any CPU
		{76322A47-24A9-4887-B2FD-08F2356B22DB}.Release|iPhoneSimulator.Build.0 = Release|Any CPU
		{76322A47-24A9-4887-B2FD-08F2356B22DB}.Release|iPhoneSimulator.Deploy.0 = Release|Any CPU
		{CAFDC7C1-95AB-4D45-A3CF-F96A9FD99879}.Ad-Hoc|Any CPU.ActiveCfg = Ad-Hoc|iPhone
		{CAFDC7C1-95AB-4D45-A3CF-F96A9FD99879}.Ad-Hoc|Any CPU.Build.0 = Ad-Hoc|iPhone
		{CAFDC7C1-95AB-4D45-A3CF-F96A9FD99879}.Ad-Hoc|Any CPU.Deploy.0 = Ad-Hoc|iPhone
		{CAFDC7C1-95AB-4D45-A3CF-F96A9FD99879}.Ad-Hoc|iPhone.ActiveCfg = Ad-Hoc|iPhone
		{CAFDC7C1-95AB-4D45-A3CF-F96A9FD99879}.Ad-Hoc|iPhone.Build.0 = Ad-Hoc|iPhone
		{CAFDC7C1-95AB-4D45-A3CF-F96A9FD99879}.Ad-Hoc|iPhone.Deploy.0 = Ad-Hoc|iPhone
		{CAFDC7C1-95AB-4D45-A3CF-F96A9FD99879}.Ad-Hoc|iPhoneSimulator.ActiveCfg = Ad-Hoc|iPhoneSimulator
		{CAFDC7C1-95AB-4D45-A3CF-F96A9FD99879}.Ad-Hoc|iPhoneSimulator.Build.0 = Ad-Hoc|iPhoneSimulator
		{CAFDC7C1-95AB-4D45-A3CF-F96A9FD99879}.Ad-Hoc|iPhoneSimulator.Deploy.0 = Ad-Hoc|iPhoneSimulator
		{CAFDC7C1-95AB-4D45-A3CF-F96A9FD99879}.AppStore|Any CPU.ActiveCfg = AppStore|iPhone
		{CAFDC7C1-95AB-4D45-A3CF-F96A9FD99879}.AppStore|Any CPU.Build.0 = AppStore|iPhone
		{CAFDC7C1-95AB-4D45-A3CF-F96A9FD99879}.AppStore|Any CPU.Deploy.0 = AppStore|iPhone
		{CAFDC7C1-95AB-4D45-A3CF-F96A9FD99879}.AppStore|iPhone.ActiveCfg = AppStore|iPhone
		{CAFDC7C1-95AB-4D45-A3CF-F96A9FD99879}.AppStore|iPhone.Build.0 = AppStore|iPhone
		{CAFDC7C1-95AB-4D45-A3CF-F96A9FD99879}.AppStore|iPhone.Deploy.0 = AppStore|iPhone
		{CAFDC7C1-95AB-4D45-A3CF-F96A9FD99879}.AppStore|iPhoneSimulator.ActiveCfg = AppStore|iPhoneSimulator
		{CAFDC7C1-95AB-4D45-A3CF-F96A9FD99879}.AppStore|iPhoneSimulator.Build.0 = AppStore|iPhoneSimulator
		{CAFDC7C1-95AB-4D45-A3CF-F96A9FD99879}.AppStore|iPhoneSimulator.Deploy.0 = AppStore|iPhoneSimulator
		{CAFDC7C1-95AB-4D45-A3CF-F96A9FD99879}.Debug|Any CPU.ActiveCfg = Debug|iPhoneSimulator
		{CAFDC7C1-95AB-4D45-A3CF-F96A9FD99879}.Debug|Any CPU.Build.0 = Debug|iPhoneSimulator
		{CAFDC7C1-95AB-4D45-A3CF-F96A9FD99879}.Debug|Any CPU.Deploy.0 = Debug|iPhoneSimulator
		{CAFDC7C1-95AB-4D45-A3CF-F96A9FD99879}.Debug|iPhone.ActiveCfg = Debug|iPhone
		{CAFDC7C1-95AB-4D45-A3CF-F96A9FD99879}.Debug|iPhone.Build.0 = Debug|iPhone
		{CAFDC7C1-95AB-4D45-A3CF-F96A9FD99879}.Debug|iPhone.Deploy.0 = Debug|iPhone
		{CAFDC7C1-95AB-4D45-A3CF-F96A9FD99879}.Debug|iPhoneSimulator.ActiveCfg = Debug|iPhoneSimulator
		{CAFDC7C1-95AB-4D45-A3CF-F96A9FD99879}.Debug|iPhoneSimulator.Build.0 = Debug|iPhoneSimulator
		{CAFDC7C1-95AB-4D45-A3CF-F96A9FD99879}.Debug|iPhoneSimulator.Deploy.0 = Debug|iPhoneSimulator
		{CAFDC7C1-95AB-4D45-A3CF-F96A9FD99879}.Release|Any CPU.ActiveCfg = Release|iPhone
		{CAFDC7C1-95AB-4D45-A3CF-F96A9FD99879}.Release|Any CPU.Build.0 = Release|iPhone
		{CAFDC7C1-95AB-4D45-A3CF-F96A9FD99879}.Release|Any CPU.Deploy.0 = Release|iPhone
		{CAFDC7C1-95AB-4D45-A3CF-F96A9FD99879}.Release|iPhone.ActiveCfg = Release|iPhone
		{CAFDC7C1-95AB-4D45-A3CF-F96A9FD99879}.Release|iPhone.Build.0 = Release|iPhone
		{CAFDC7C1-95AB-4D45-A3CF-F96A9FD99879}.Release|iPhone.Deploy.0 = Release|iPhone
		{CAFDC7C1-95AB-4D45-A3CF-F96A9FD99879}.Release|iPhoneSimulator.ActiveCfg = Release|iPhoneSimulator
		{CAFDC7C1-95AB-4D45-A3CF-F96A9FD99879}.Release|iPhoneSimulator.Build.0 = Release|iPhoneSimulator
		{CAFDC7C1-95AB-4D45-A3CF-F96A9FD99879}.Release|iPhoneSimulator.Deploy.0 = Release|iPhoneSimulator
		{D6FFBD42-4F2A-4CCC-8284-96888A3231A4}.Ad-Hoc|Any CPU.ActiveCfg = Debug|Any CPU
		{D6FFBD42-4F2A-4CCC-8284-96888A3231A4}.Ad-Hoc|Any CPU.Build.0 = Debug|Any CPU
		{D6FFBD42-4F2A-4CCC-8284-96888A3231A4}.Ad-Hoc|Any CPU.Deploy.0 = Debug|Any CPU
		{D6FFBD42-4F2A-4CCC-8284-96888A3231A4}.Ad-Hoc|iPhone.ActiveCfg = Debug|Any CPU
		{D6FFBD42-4F2A-4CCC-8284-96888A3231A4}.Ad-Hoc|iPhone.Build.0 = Debug|Any CPU
		{D6FFBD42-4F2A-4CCC-8284-96888A3231A4}.Ad-Hoc|iPhone.Deploy.0 = Debug|Any CPU
		{D6FFBD42-4F2A-4CCC-8284-96888A3231A4}.Ad-Hoc|iPhoneSimulator.ActiveCfg = Debug|Any CPU
		{D6FFBD42-4F2A-4CCC-8284-96888A3231A4}.Ad-Hoc|iPhoneSimulator.Build.0 = Debug|Any CPU
		{D6FFBD42-4F2A-4CCC-8284-96888A3231A4}.Ad-Hoc|iPhoneSimulator.Deploy.0 = Debug|Any CPU
		{D6FFBD42-4F2A-4CCC-8284-96888A3231A4}.AppStore|Any CPU.ActiveCfg = Debug|Any CPU
		{D6FFBD42-4F2A-4CCC-8284-96888A3231A4}.AppStore|Any CPU.Build.0 = Debug|Any CPU
		{D6FFBD42-4F2A-4CCC-8284-96888A3231A4}.AppStore|Any CPU.Deploy.0 = Debug|Any CPU
		{D6FFBD42-4F2A-4CCC-8284-96888A3231A4}.AppStore|iPhone.ActiveCfg = Debug|Any CPU
		{D6FFBD42-4F2A-4CCC-8284-96888A3231A4}.AppStore|iPhone.Build.0 = Debug|Any CPU
		{D6FFBD42-4F2A-4CCC-8284-96888A3231A4}.AppStore|iPhone.Deploy.0 = Debug|Any CPU
		{D6FFBD42-4F2A-4CCC-8284-96888A3231A4}.AppStore|iPhoneSimulator.ActiveCfg = Debug|Any CPU
		{D6FFBD42-4F2A-4CCC-8284-96888A3231A4}.AppStore|iPhoneSimulator.Build.0 = Debug|Any CPU
		{D6FFBD42-4F2A-4CCC-8284-96888A3231A4}.AppStore|iPhoneSimulator.Deploy.0 = Debug|Any CPU
		{D6FFBD42-4F2A-4CCC-8284-96888A3231A4}.Debug|Any CPU.ActiveCfg = Debug|Any CPU
		{D6FFBD42-4F2A-4CCC-8284-96888A3231A4}.Debug|Any CPU.Build.0 = Debug|Any CPU
		{D6FFBD42-4F2A-4CCC-8284-96888A3231A4}.Debug|Any CPU.Deploy.0 = Debug|Any CPU
		{D6FFBD42-4F2A-4CCC-8284-96888A3231A4}.Debug|iPhone.ActiveCfg = Debug|Any CPU
		{D6FFBD42-4F2A-4CCC-8284-96888A3231A4}.Debug|iPhone.Build.0 = Debug|Any CPU
		{D6FFBD42-4F2A-4CCC-8284-96888A3231A4}.Debug|iPhone.Deploy.0 = Debug|Any CPU
		{D6FFBD42-4F2A-4CCC-8284-96888A3231A4}.Debug|iPhoneSimulator.ActiveCfg = Debug|Any CPU
		{D6FFBD42-4F2A-4CCC-8284-96888A3231A4}.Debug|iPhoneSimulator.Build.0 = Debug|Any CPU
		{D6FFBD42-4F2A-4CCC-8284-96888A3231A4}.Debug|iPhoneSimulator.Deploy.0 = Debug|Any CPU
		{D6FFBD42-4F2A-4CCC-8284-96888A3231A4}.Release|Any CPU.ActiveCfg = Release|Any CPU
		{D6FFBD42-4F2A-4CCC-8284-96888A3231A4}.Release|Any CPU.Build.0 = Release|Any CPU
		{D6FFBD42-4F2A-4CCC-8284-96888A3231A4}.Release|Any CPU.Deploy.0 = Release|Any CPU
		{D6FFBD42-4F2A-4CCC-8284-96888A3231A4}.Release|iPhone.ActiveCfg = Release|Any CPU
		{D6FFBD42-4F2A-4CCC-8284-96888A3231A4}.Release|iPhone.Build.0 = Release|Any CPU
		{D6FFBD42-4F2A-4CCC-8284-96888A3231A4}.Release|iPhone.Deploy.0 = Release|Any CPU
		{D6FFBD42-4F2A-4CCC-8284-96888A3231A4}.Release|iPhoneSimulator.ActiveCfg = Release|Any CPU
		{D6FFBD42-4F2A-4CCC-8284-96888A3231A4}.Release|iPhoneSimulator.Build.0 = Release|Any CPU
		{D6FFBD42-4F2A-4CCC-8284-96888A3231A4}.Release|iPhoneSimulator.Deploy.0 = Release|Any CPU
	EndGlobalSection
	GlobalSection(SolutionProperties) = preSolution
		HideSolutionNode = FALSE
	EndGlobalSection
	GlobalSection(ExtensibilityGlobals) = postSolution
		SolutionGuid = {4834E6FC-27AF-4E64-9A8F-DC66CBBDB902}
	EndGlobalSection
EndGlobal
